{
    "version": 3,
    "terraform_version": "0.10.8",
    "serial": 3,
    "lineage": "fd59a600-8c83-4013-9e87-261cda0da1df",
    "modules": [
        {
            "path": [
                "root"
            ],
            "outputs": {},
            "resources": {
                "data.archive_file.functionpack": {
                    "type": "archive_file",
                    "depends_on": [],
                    "primary": {
                        "id": "53a3fd4dac95368dd48fb762c1d971286ccc8d39",
                        "attributes": {
                            "id": "53a3fd4dac95368dd48fb762c1d971286ccc8d39",
                            "output_base64sha256": "Tl/BgUJFD+PpFXOLSnS9enxGLkb5Sds+BBUW/3l0xzw=",
                            "output_md5": "390fe506cfb1d92f7a8d66f676e88df9",
                            "output_path": "auto-stop-start-v2.zip",
                            "output_sha": "53a3fd4dac95368dd48fb762c1d971286ccc8d39",
                            "output_size": "7097052",
                            "source.#": "0",
                            "source_dir": "auto-stop-start-v2_files/",
                            "type": "zip"
                        },
                        "meta": {},
                        "tainted": false
                    },
                    "deposed": [],
                    "provider": ""
                },
                "data.aws_iam_policy_document.policydoc": {
                    "type": "aws_iam_policy_document",
                    "depends_on": [],
                    "primary": {
                        "id": "2544771142",
                        "attributes": {
                            "id": "2544771142",
                            "json": "{\n  \"Version\": \"2012-10-17\",\n  \"Statement\": [\n    {\n      \"Sid\": \"1\",\n      \"Effect\": \"Allow\",\n      \"Action\": [\n        \"logs:PutLogEvents\",\n        \"logs:CreateLogStream\",\n        \"logs:CreateLogGroup\",\n        \"ec2:Stop*\",\n        \"ec2:Start*\",\n        \"ec2:RunInstances\",\n        \"ec2:DescribeTags\",\n        \"ec2:DescribeInstances\"\n      ],\n      \"Resource\": [\n        \"arn:aws:logs:*:*:*\",\n        \"*\"\n      ]\n    }\n  ]\n}",
                            "statement.#": "1",
                            "statement.0.actions.#": "8",
                            "statement.0.actions.1874503478": "ec2:RunInstances",
                            "statement.0.actions.242023571": "ec2:Start*",
                            "statement.0.actions.2809485102": "logs:CreateLogGroup",
                            "statement.0.actions.3285979848": "logs:CreateLogStream",
                            "statement.0.actions.3466923763": "ec2:DescribeInstances",
                            "statement.0.actions.365765216": "ec2:Stop*",
                            "statement.0.actions.39743051": "logs:PutLogEvents",
                            "statement.0.actions.810672830": "ec2:DescribeTags",
                            "statement.0.condition.#": "0",
                            "statement.0.effect": "Allow",
                            "statement.0.not_actions.#": "0",
                            "statement.0.not_principals.#": "0",
                            "statement.0.not_resources.#": "0",
                            "statement.0.principals.#": "0",
                            "statement.0.resources.#": "2",
                            "statement.0.resources.162423377": "arn:aws:logs:*:*:*",
                            "statement.0.resources.2679715827": "*",
                            "statement.0.sid": "1"
                        },
                        "meta": {},
                        "tainted": false
                    },
                    "deposed": [],
                    "provider": ""
                }
            },
            "depends_on": []
        },
        {
            "path": [
                "root",
                "scheduled_lambda"
            ],
            "outputs": {
                "lambda_arn": {
                    "sensitive": false,
                    "type": "string",
                    "value": "arn:aws:lambda:eu-west-1:850062263036:function:auto-stop-start-v2"
                }
            },
            "resources": {
                "aws_cloudwatch_event_rule.cron_for_lambda": {
                    "type": "aws_cloudwatch_event_rule",
                    "depends_on": [],
                    "primary": {
                        "id": "auto-stop-start-v2-cron",
                        "attributes": {
                            "arn": "arn:aws:events:eu-west-1:850062263036:rule/auto-stop-start-v2-cron",
                            "description": "",
                            "id": "auto-stop-start-v2-cron",
                            "is_enabled": "true",
                            "name": "auto-stop-start-v2-cron",
                            "role_arn": "",
                            "schedule_expression": "cron(0/15 * * * ? *)"
                        },
                        "meta": {},
                        "tainted": false
                    },
                    "deposed": [],
                    "provider": ""
                },
                "aws_cloudwatch_event_target.lambda_target": {
                    "type": "aws_cloudwatch_event_target",
                    "depends_on": [
                        "aws_cloudwatch_event_rule.cron_for_lambda",
                        "aws_lambda_function.lambda"
                    ],
                    "primary": {
                        "id": "auto-stop-start-v2-cron-auto-stop-start-v2",
                        "attributes": {
                            "arn": "arn:aws:lambda:eu-west-1:850062263036:function:auto-stop-start-v2",
                            "id": "auto-stop-start-v2-cron-auto-stop-start-v2",
                            "input": "  {\"Period\": 15}\n  ",
                            "input_path": "",
                            "role_arn": "",
                            "rule": "auto-stop-start-v2-cron",
                            "target_id": "auto-stop-start-v2"
                        },
                        "meta": {},
                        "tainted": false
                    },
                    "deposed": [],
                    "provider": ""
                },
                "aws_cloudwatch_log_group.CW-LG": {
                    "type": "aws_cloudwatch_log_group",
                    "depends_on": [],
                    "primary": {
                        "id": "/aws/lambda/auto-stop-start-v2",
                        "attributes": {
                            "arn": "arn:aws:logs:eu-west-1:850062263036:log-group:/aws/lambda/auto-stop-start-v2:*",
                            "id": "/aws/lambda/auto-stop-start-v2",
                            "kms_key_id": "",
                            "name": "/aws/lambda/auto-stop-start-v2",
                            "retention_in_days": "30",
                            "tags.%": "10",
                            "tags.Application": "auto-stop-start-v2",
                            "tags.Chargeback": "Core",
                            "tags.Customer": "IT/Infra/Hosting",
                            "tags.Customer_email": "bonduelle_im@bonduelle.com",
                            "tags.End_date": "never",
                            "tags.Environment": "non_prod",
                            "tags.New_service": "no",
                            "tags.Owner": "IT/Infra/Hosting",
                            "tags.Owner_email": "bonduelle_im@bonduelle.com",
                            "tags.Version": "1.1"
                        },
                        "meta": {},
                        "tainted": false
                    },
                    "deposed": [],
                    "provider": ""
                },
                "aws_iam_role.role_for_lambda": {
                    "type": "aws_iam_role",
                    "depends_on": [],
                    "primary": {
                        "id": "auto-stop-start-v2",
                        "attributes": {
                            "arn": "arn:aws:iam::850062263036:role/auto-stop-start-v2",
                            "assume_role_policy": "{\"Version\":\"2012-10-17\",\"Statement\":[{\"Sid\":\"\",\"Effect\":\"Allow\",\"Principal\":{\"Service\":\"lambda.amazonaws.com\"},\"Action\":\"sts:AssumeRole\"}]}",
                            "create_date": "2017-12-19T15:36:24Z",
                            "force_detach_policies": "false",
                            "id": "auto-stop-start-v2",
                            "name": "auto-stop-start-v2",
                            "path": "/",
                            "unique_id": "AROAI5Z4QQBSXP3MENVIE"
                        },
                        "meta": {},
                        "tainted": false
                    },
                    "deposed": [],
                    "provider": ""
                },
                "aws_iam_role_policy.lambda": {
                    "type": "aws_iam_role_policy",
                    "depends_on": [
                        "aws_iam_role.role_for_lambda"
                    ],
                    "primary": {
                        "id": "auto-stop-start-v2:auto-stop-start-v2",
                        "attributes": {
                            "id": "auto-stop-start-v2:auto-stop-start-v2",
                            "name": "auto-stop-start-v2",
                            "policy": "{\n  \"Version\": \"2012-10-17\",\n  \"Statement\": [\n    {\n      \"Sid\": \"1\",\n      \"Effect\": \"Allow\",\n      \"Action\": [\n        \"logs:PutLogEvents\",\n        \"logs:CreateLogStream\",\n        \"logs:CreateLogGroup\",\n        \"ec2:Stop*\",\n        \"ec2:Start*\",\n        \"ec2:RunInstances\",\n        \"ec2:DescribeTags\",\n        \"ec2:DescribeInstances\"\n      ],\n      \"Resource\": [\n        \"arn:aws:logs:*:*:*\",\n        \"*\"\n      ]\n    }\n  ]\n}",
                            "role": "auto-stop-start-v2"
                        },
                        "meta": {},
                        "tainted": false
                    },
                    "deposed": [],
                    "provider": ""
                },
                "aws_lambda_function.lambda": {
                    "type": "aws_lambda_function",
                    "depends_on": [
                        "aws_iam_role.role_for_lambda"
                    ],
                    "primary": {
                        "id": "auto-stop-start-v2",
                        "attributes": {
                            "arn": "arn:aws:lambda:eu-west-1:850062263036:function:auto-stop-start-v2",
                            "dead_letter_config.#": "0",
                            "description": "",
                            "environment.#": "0",
                            "filename": "auto-stop-start-v2.zip",
                            "function_name": "auto-stop-start-v2",
                            "handler": "lambda_function.main",
                            "id": "auto-stop-start-v2",
                            "invoke_arn": "arn:aws:apigateway:eu-west-1:lambda:path/2015-03-31/functions/arn:aws:lambda:eu-west-1:850062263036:function:auto-stop-start-v2/invocations",
                            "kms_key_arn": "",
                            "last_modified": "2017-12-19T15:39:47.166+0000",
                            "memory_size": "128",
                            "publish": "false",
                            "qualified_arn": "arn:aws:lambda:eu-west-1:850062263036:function:auto-stop-start-v2:$LATEST",
                            "reserved_concurrent_executions": "0",
                            "role": "arn:aws:iam::850062263036:role/auto-stop-start-v2",
                            "runtime": "python3.6",
                            "source_code_hash": "Tl/BgUJFD+PpFXOLSnS9enxGLkb5Sds+BBUW/3l0xzw=",
                            "tags.%": "10",
                            "tags.Application": "auto-stop-start-v2",
                            "tags.Chargeback": "Core",
                            "tags.Customer": "IT/Infra/Hosting",
                            "tags.Customer_email": "bonduelle_im@bonduelle.com",
                            "tags.End_date": "never",
                            "tags.Environment": "non_prod",
                            "tags.New_service": "no",
                            "tags.Owner": "IT/Infra/Hosting",
                            "tags.Owner_email": "bonduelle_im@bonduelle.com",
                            "tags.Version": "1.1",
                            "timeout": "3",
                            "tracing_config.#": "1",
                            "tracing_config.0.mode": "PassThrough",
                            "version": "$LATEST",
                            "vpc_config.#": "0"
                        },
                        "meta": {},
                        "tainted": false
                    },
                    "deposed": [],
                    "provider": ""
                },
                "aws_lambda_permission.cloudwatch": {
                    "type": "aws_lambda_permission",
                    "depends_on": [
                        "aws_cloudwatch_event_rule.cron_for_lambda",
                        "aws_lambda_function.lambda"
                    ],
                    "primary": {
                        "id": "AllowExecutionFromCloudWatch",
                        "attributes": {
                            "action": "lambda:InvokeFunction",
                            "function_name": "arn:aws:lambda:eu-west-1:850062263036:function:auto-stop-start-v2",
                            "id": "AllowExecutionFromCloudWatch",
                            "principal": "events.amazonaws.com",
                            "qualifier": "",
                            "source_arn": "arn:aws:events:eu-west-1:850062263036:rule/auto-stop-start-v2-cron",
                            "statement_id": "AllowExecutionFromCloudWatch"
                        },
                        "meta": {},
                        "tainted": false
                    },
                    "deposed": [],
                    "provider": ""
                }
            },
            "depends_on": []
        }
    ]
}
